# Code generated by scarb DO NOT EDIT.
version = 1

[[package]]
name = "example_average"
version = "0.1.0"
dependencies = [
 "hdp_cairo",
]

[[package]]
name = "example_hello_world"
version = "0.1.0"
dependencies = [
 "hdp_cairo",
]

[[package]]
name = "example_starkgate"
version = "0.1.0"
dependencies = [
 "hdp_cairo",
]

[[package]]
name = "hdp_cairo"
version = "0.1.0"

[[package]]
name = "tests"
version = "0.1.0"
dependencies = [
 "hdp_cairo",
]
