# Code generated by scarb DO NOT EDIT.
version = 1

[[package]]
name = "alexandria_bytes"
version = "0.6.1"
source = "git+https://github.com/keep-starknet-strange/alexandria.git#3f5e6476f350bb09e919e2725489c29442f313ca"
dependencies = [
 "alexandria_data_structures",
 "alexandria_math",
]

[[package]]
name = "alexandria_data_structures"
version = "0.6.1"
source = "git+https://github.com/keep-starknet-strange/alexandria.git#3f5e6476f350bb09e919e2725489c29442f313ca"

[[package]]
name = "alexandria_encoding"
version = "0.6.1"
source = "git+https://github.com/keep-starknet-strange/alexandria.git#3f5e6476f350bb09e919e2725489c29442f313ca"
dependencies = [
 "alexandria_bytes",
 "alexandria_data_structures",
 "alexandria_math",
 "alexandria_numeric",
]

[[package]]
name = "alexandria_math"
version = "0.6.1"
source = "git+https://github.com/keep-starknet-strange/alexandria.git#3f5e6476f350bb09e919e2725489c29442f313ca"

[[package]]
name = "alexandria_numeric"
version = "0.6.1"
source = "git+https://github.com/keep-starknet-strange/alexandria.git#3f5e6476f350bb09e919e2725489c29442f313ca"
dependencies = [
 "alexandria_math",
 "alexandria_searching",
]

[[package]]
name = "alexandria_searching"
version = "0.6.1"
source = "git+https://github.com/keep-starknet-strange/alexandria.git#3f5e6476f350bb09e919e2725489c29442f313ca"
dependencies = [
 "alexandria_data_structures",
]

[[package]]
name = "corelib_imports"
version = "0.1.2"
source = "git+https://github.com/keep-starknet-strange/garaga.git#42643fa19e9618fd880d4fa6bfbc543da6c6abbe"

[[package]]
name = "example_all_features_combined"
version = "0.1.0"
dependencies = [
 "hdp_cairo",
]

[[package]]
name = "example_blacklist"
version = "0.1.0"
dependencies = [
 "alexandria_bytes",
 "alexandria_encoding",
 "hdp_cairo",
]

[[package]]
name = "example_compliance"
version = "0.1.0"
dependencies = [
 "hdp_cairo",
]

[[package]]
name = "example_eth_call"
version = "0.1.0"
dependencies = [
 "hdp_cairo",
]

[[package]]
name = "example_injected_state"
version = "0.1.0"
dependencies = [
 "hdp_cairo",
]

[[package]]
name = "example_most_bridge"
version = "0.1.0"
dependencies = [
 "alexandria_bytes",
 "hdp_cairo",
]

[[package]]
name = "example_multi_chain_access"
version = "0.1.0"
dependencies = [
 "alexandria_bytes",
 "alexandria_encoding",
 "hdp_cairo",
]

[[package]]
name = "example_starkgate"
version = "0.1.0"
dependencies = [
 "hdp_cairo",
]

[[package]]
name = "garaga"
version = "0.18.2"
source = "git+https://github.com/keep-starknet-strange/garaga.git#42643fa19e9618fd880d4fa6bfbc543da6c6abbe"
dependencies = [
 "corelib_imports",
]

[[package]]
name = "hdp_cairo"
version = "0.1.0"
dependencies = [
 "alexandria_bytes",
 "alexandria_encoding",
 "garaga",
]

[[package]]
name = "tests"
version = "0.1.0"
dependencies = [
 "alexandria_bytes",
 "alexandria_encoding",
 "hdp_cairo",
]
